
Microsoft Visual Studio Solution File, Format Version 12.00
# Visual Studio Version 16
VisualStudioVersion = 16.0.809.9
MinimumVisualStudioVersion = 10.0.40219.1
Project("{FAE04EC0-301F-11D3-BF4B-00C04F79EFBC}") = "BbsWebApi", "BbsWebApi\BbsWebApi.csproj", "{A6C0DFD7-6B7C-4BA8-8D1B-1F2629781A1C}"
EndProject
Global
	GlobalSection(SolutionConfigurationPlatforms) = preSolution
		Debug|Any CPU = Debug|Any CPU
		Release|Any CPU = Release|Any CPU
	EndGlobalSection
	GlobalSection(ProjectConfigurationPlatforms) = postSolution
		{A6C0DFD7-6B7C-4BA8-8D1B-1F2629781A1C}.Debug|Any CPU.ActiveCfg = Debug|Any CPU
		{A6C0DFD7-6B7C-4BA8-8D1B-1F2629781A1C}.Debug|Any CPU.Build.0 = Debug|Any CPU
		{A6C0DFD7-6B7C-4BA8-8D1B-1F2629781A1C}.Release|Any CPU.ActiveCfg = Release|Any CPU
		{A6C0DFD7-6B7C-4BA8-8D1B-1F2629781A1C}.Release|Any CPU.Build.0 = Release|Any CPU
	EndGlobalSection
	GlobalSection(SolutionProperties) = preSolution
		HideSolutionNode = FALSE
	EndGlobalSection
	GlobalSection(ExtensibilityGlobals) = postSolution
		SolutionGuid = {607B541A-8695-4D65-817E-D10273046AFA}
	EndGlobalSection
EndGlobal
